
Microsoft Visual Studio Solution File, Format Version 12.00
# Visual Studio Version 16
VisualStudioVersion = 16.0.31624.102
MinimumVisualStudioVersion = 10.0.40219.1
Project("{FAE04EC0-301F-11D3-BF4B-00C04F79EFBC}") = "FinalApi", "FinalApi\FinalApi.csproj", "{7C423E14-5DC7-4552-B1B5-702BAD731950}"
EndProject
Global
	GlobalSection(SolutionConfigurationPlatforms) = preSolution
		Debug|Any CPU = Debug|Any CPU
		Release|Any CPU = Release|Any CPU
	EndGlobalSection
	GlobalSection(ProjectConfigurationPlatforms) = postSolution
		{7C423E14-5DC7-4552-B1B5-702BAD731950}.Debug|Any CPU.ActiveCfg = Debug|Any CPU
		{7C423E14-5DC7-4552-B1B5-702BAD731950}.Debug|Any CPU.Build.0 = Debug|Any CPU
		{7C423E14-5DC7-4552-B1B5-702BAD731950}.Release|Any CPU.ActiveCfg = Release|Any CPU
		{7C423E14-5DC7-4552-B1B5-702BAD731950}.Release|Any CPU.Build.0 = Release|Any CPU
	EndGlobalSection
	GlobalSection(SolutionProperties) = preSolution
		HideSolutionNode = FALSE
	EndGlobalSection
	GlobalSection(ExtensibilityGlobals) = postSolution
		SolutionGuid = {C79889C3-C737-43D1-A44F-4E9CFF5760A7}
	EndGlobalSection
EndGlobal
